{
  "name": "attenuated-delegation-chain",
  "lockfileVersion": 3,
  "requires": true,
  "packages": {
    "": {
      "name": "attenuated-delegation-chain",
      "license": "MIT",
      "workspaces": [
        "packages/*",
        "services/*"
      ],
      "engines": {
        "node": ">=20.0.0"
      }
    },
    "node_modules/@adc/broker": {
      "resolved": "packages/adc-broker",
      "link": true
    },
    "node_modules/@adc/core": {
      "resolved": "packages/adc-core",
      "link": true
    },
    "node_modules/@adc/graph": {
      "resolved": "packages/adc-graph",
      "link": true
    },
    "node_modules/@adc/mint-service": {
      "resolved": "services/mint",
      "link": true
    },
    "node_modules/@adc/testkit": {
      "resolved": "packages/adc-testkit",
      "link": true
    },
    "node_modules/@noble/curves": {
      "version": "1.9.7",
      "resolved": "https://registry.npmjs.org/@noble/curves/-/curves-1.9.7.tgz",
      "integrity": "sha512-gbKGcRUYIjA3/zCCNaWDciTMFI0dCkvou3TL8Zmy5Nc7sJ47a0jtOeZoTaMxkuqRo9cRhjOdZJXegxYE5FN/xw==",
      "license": "MIT",
      "dependencies": {
        "@noble/hashes": "1.8.0"
      },
      "engines": {
        "node": "^14.21.3 || >=16"
      },
      "funding": {
        "url": "https://paulmillr.com/funding/"
      }
    },
    "node_modules/@noble/hashes": {
      "version": "1.8.0",
      "resolved": "https://registry.npmjs.org/@noble/hashes/-/hashes-1.8.0.tgz",
      "integrity": "sha512-jCs9ldd7NwzpgXDIf6P3+NrHh9/sD6CQdxHyjQI+h/6rDNo88ypBxxz45UDuZHz9r3tNz7N/VInSVoVdtXEI4A==",
      "license": "MIT",
      "engines": {
        "node": "^14.21.3 || >=16"
      },
      "funding": {
        "url": "https://paulmillr.com/funding/"
      }
    },
    "node_modules/@types/node": {
      "version": "22.20.1",
      "resolved": "https://registry.npmjs.org/@types/node/-/node-22.20.1.tgz",
      "integrity": "sha512-EANqOCF9QFyra+4pfxUcX9STKJpCLjMbObVzljIJomAWSnuSIEAvyzEU53GaajbXJEgdh0iEcPL+DGvpUd4k1Q==",
      "dev": true,
      "license": "MIT",
      "dependencies": {
        "undici-types": "~6.21.0"
      }
    },
    "node_modules/fast-check": {
      "version": "3.23.2",
      "resolved": "https://registry.npmjs.org/fast-check/-/fast-check-3.23.2.tgz",
      "integrity": "sha512-h5+1OzzfCC3Ef7VbtKdcv7zsstUQwUDlYpUTvjeUsJAssPgLn7QzbboPtL5ro04Mq0rPOsMzl7q5hIbRs2wD1A==",
      "dev": true,
      "funding": [
        {
          "type": "individual",
          "url": "https://github.com/sponsors/dubzzz"
        },
        {
          "type": "opencollective",
          "url": "https://opencollective.com/fast-check"
        }
      ],
      "license": "MIT",
      "dependencies": {
        "pure-rand": "^6.1.0"
      },
      "engines": {
        "node": ">=8.0.0"
      }
    },
    "node_modules/pure-rand": {
      "version": "6.1.0",
      "resolved": "https://registry.npmjs.org/pure-rand/-/pure-rand-6.1.0.tgz",
      "integrity": "sha512-bVWawvoZoBYpp6yIoQtQXHZjmz35RSVHnUOTefl8Vcjr8snTPY1wnpSPMWekcFwbxI6gtmT7rSYPFvz71ldiOA==",
      "dev": true,
      "funding": [
        {
          "type": "individual",
          "url": "https://github.com/sponsors/dubzzz"
        },
        {
          "type": "opencollective",
          "url": "https://opencollective.com/fast-check"
        }
      ],
      "license": "MIT"
    },
    "node_modules/taint-tracked-tool-broker": {
      "version": "1.4.0",
      "resolved": "https://registry.npmjs.org/taint-tracked-tool-broker/-/taint-tracked-tool-broker-1.4.0.tgz",
      "integrity": "sha512-rrMrs7jFmYnPWJ28LFwRp+ZGcOzsVDCqicsRcd1twSRUGDsuFLacfcUpK3uPME5vonhXP7WVzLQB8ZxHLRKfpw==",
      "license": "Apache-2.0",
      "bin": {
        "tttb": "dist/cli/doctor.js"
      },
      "engines": {
        "node": ">=20"
      }
    },
    "node_modules/typescript": {
      "version": "5.9.3",
      "resolved": "https://registry.npmjs.org/typescript/-/typescript-5.9.3.tgz",
      "integrity": "sha512-jl1vZzPDinLr9eUt3J/t7V6FgNEw9QjvBPdysz9KfQDD41fQrC2Y4vKQdiaUpFT4bXlb1RHhLpp8wtm6M5TgSw==",
      "dev": true,
      "license": "Apache-2.0",
      "bin": {
        "tsc": "bin/tsc",
        "tsserver": "bin/tsserver"
      },
      "engines": {
        "node": ">=14.17"
      }
    },
    "node_modules/undici-types": {
      "version": "6.21.0",
      "resolved": "https://registry.npmjs.org/undici-types/-/undici-types-6.21.0.tgz",
      "integrity": "sha512-iwDZqg0QAGrg9Rav5H4n0M64c3mkR59cJ6wQp+7C4nI0gsmExaedaYLNO44eT4AtBBwjbTiGPMlt2Md0T9H9JQ==",
      "dev": true,
      "license": "MIT"
    },
    "packages/adc-broker": {
      "name": "@adc/broker",
      "version": "0.1.0",
      "license": "MIT",
      "dependencies": {
        "@adc/core": "*",
        "taint-tracked-tool-broker": "^1.4.0"
      },
      "devDependencies": {
        "@types/node": "^22.0.0",
        "typescript": "^5.6.0"
      }
    },
    "packages/adc-core": {
      "name": "@adc/core",
      "version": "0.1.0",
      "license": "MIT",
      "dependencies": {
        "@noble/curves": "^1.9.0"
      },
      "devDependencies": {
        "@types/node": "^22.0.0",
        "fast-check": "^3.23.0",
        "typescript": "^5.6.0"
      }
    },
    "packages/adc-graph": {
      "name": "@adc/graph",
      "version": "0.1.0",
      "license": "MIT",
      "dependencies": {
        "@adc/core": "*"
      },
      "devDependencies": {
        "@types/node": "^22.0.0",
        "typescript": "^5.6.0"
      }
    },
    "packages/adc-testkit": {
      "name": "@adc/testkit",
      "version": "0.1.0",
      "license": "MIT",
      "dependencies": {
        "@adc/core": "*"
      },
      "devDependencies": {
        "@types/node": "^22.0.0",
        "fast-check": "^3.23.0",
        "typescript": "^5.6.0"
      }
    },
    "services/mint": {
      "name": "@adc/mint-service",
      "version": "0.1.0",
      "license": "MIT",
      "dependencies": {
        "@adc/core": "*"
      },
      "devDependencies": {
        "@types/node": "^22.0.0",
        "typescript": "^5.6.0"
      }
    }
  }
}
